{
  "pins" : [
    {
      "identity" : "alamofire",
      "kind" : "remoteSourceControl",
      "location" : "https://github.com/Alamofire/Alamofire.git",
      "state" : {
        "revision" : "354dda32d89fc8cd4f5c46487f64957d355f53d8",
        "version" : "5.6.1"
      }
    },
    {
      "identity" : "alamofirenetworkactivitylogger",
      "kind" : "remoteSourceControl",
      "location" : "https://github.com/konkab/AlamofireNetworkActivityLogger.git",
      "state" : {
        "revision" : "8db9d4e27176905298e7215e3d800e349cdfa30b",
        "version" : "3.4.0"
      }
    },
    {
      "identity" : "infura",
      "kind" : "remoteSourceControl",
      "location" : "https://github.com/Modularize-Packages/Infura.git",
      "state" : {
        "branch" : "master",
        "revision" : "7653be9a4ea5fc6181be168cf638f676c2b9eaec"
      }
    },
    {
      "identity" : "moya",
      "kind" : "remoteSourceControl",
      "location" : "https://github.com/Moya/Moya.git",
      "state" : {
        "revision" : "9b906860e3c3c09032879465c471e6375829593f",
        "version" : "15.0.0"
      }
    },
    {
      "identity" : "reactiveswift",
      "kind" : "remoteSourceControl",
      "location" : "https://github.com/ReactiveCocoa/ReactiveSwift.git",
      "state" : {
        "revision" : "c43bae3dac73fdd3cb906bd5a1914686ca71ed3c",
        "version" : "6.7.0"
      }
    },
    {
      "identity" : "rxswift",
      "kind" : "remoteSourceControl",
      "location" : "https://github.com/ReactiveX/RxSwift.git",
      "state" : {
        "revision" : "b4307ba0b6425c0ba4178e138799946c3da594f8",
        "version" : "6.5.0"
      }
    },
    {
      "identity" : "rxswiftext",
      "kind" : "remoteSourceControl",
      "location" : "https://github.com/RxSwiftCommunity/RxSwiftExt",
      "state" : {
        "revision" : "a42af9caeab63f2dbde318f1f3dc424f05871a37",
        "version" : "6.1.0"
      }
    },
    {
      "identity" : "socket.io-client-swift",
      "kind" : "remoteSourceControl",
      "location" : "https://github.com/socketio/socket.io-client-swift",
      "state" : {
        "revision" : "a1ed825835a2d8c2555938e96557ccc05e4bebf3"
      }
    },
    {
      "identity" : "starscream",
      "kind" : "remoteSourceControl",
      "location" : "https://github.com/daltoniam/Starscream.git",
      "state" : {
        "revision" : "df8d82047f6654d8e4b655d1b1525c64e1059d21",
        "version" : "4.0.4"
      }
    }
  ],
  "version" : 2
}
